// !$*UTF8*$!
{
	archiveVersion = 1;
	classes = {
	};
	objectVersion = 77;
	objects = {

/* Begin PBXContainerItemProxy section */
		BFF4E4C62DA9A533007A86C7 /* PBXContainerItemProxy */ = {
			isa = PBXContainerItemProxy;
			containerPortal = BFF4E4B02DA9A532007A86C7 /* Project object */;
			proxyType = 1;
			remoteGlobalIDString = BFF4E4B72DA9A532007A86C7;
			remoteInfo = "Bread&Butter";
		};
		BFF4E4D02DA9A533007A86C7 /* PBXContainerItemProxy */ = {
			isa = PBXContainerItemProxy;
			containerPortal = BFF4E4B02DA9A532007A86C7 /* Project object */;
			proxyType = 1;
			remoteGlobalIDString = BFF4E4B72DA9A532007A86C7;
			remoteInfo = "Bread&Butter";
		};
/* End PBXContainerItemProxy section */

/* Begin PBXFileReference section */
		BFF4E4B82DA9A532007A86C7 /* Bread&Butter.app */ = {isa = PBXFileReference; explicitFileType = wrapper.application; includeInIndex = 0; path = "Bread&Butter.app"; sourceTree = BUILT_PRODUCTS_DIR; };
		BFF4E4C52DA9A533007A86C7 /* Bread&ButterTests.xctest */ = {isa = PBXFileReference; explicitFileType = wrapper.cfbundle; includeInIndex = 0; path = "Bread&ButterTests.xctest"; sourceTree = BUILT_PRODUCTS_DIR; };
		BFF4E4CF2DA9A533007A86C7 /* Bread&ButterUITests.xctest */ = {isa = PBXFileReference; explicitFileType = wrapper.cfbundle; includeInIndex = 0; path = "Bread&ButterUITests.xctest"; sourceTree = BUILT_PRODUCTS_DIR; };
/* End PBXFileReference section */

/* Begin PBXFileSystemSynchronizedRootGroup section */
		BFF4E4BA2DA9A532007A86C7 /* Bread&Butter */ = {
			isa = PBXFileSystemSynchronizedRootGroup;
			path = "Bread&Butter";
			sourceTree = "<group>";
		};
		BFF4E4C82DA9A533007A86C7 /* Bread&ButterTests */ = {
			isa = PBXFileSystemSynchronizedRootGroup;
			path = "Bread&ButterTests";
			sourceTree = "<group>";
		};
		BFF4E4D22DA9A533007A86C7 /* Bread&ButterUITests */ = {
			isa = PBXFileSystemSynchronizedRootGroup;
			path = "Bread&ButterUITests";
			sourceTree = "<group>";
		};
/* End PBXFileSystemSynchronizedRootGroup section */

/* Begin PBXFrameworksBuildPhase section */
		BFF4E4B52DA9A532007A86C7 /* Frameworks */ = {
			isa = PBXFrameworksBuildPhase;
			buildActionMask = 2147483647;
			files = (
			);
			runOnlyForDeploymentPostprocessing = 0;
		};
		BFF4E4C22DA9A533007A86C7 /* Frameworks */ = {
			isa = PBXFrameworksBuildPhase;
			buildActionMask = 2147483647;
			files = (
			);
			runOnlyForDeploymentPostprocessing = 0;
		};
		BFF4E4CC2DA9A533007A86C7 /* Frameworks */ = {
			isa = PBXFrameworksBuildPhase;
			buildActionMask = 2147483647;
			files = (
			);
			runOnlyForDeploymentPostprocessing = 0;
		};
/* End PBXFrameworksBuildPhase section */

/* Begin PBXGroup section */
		BFF4E4AF2DA9A532007A86C7 = {
			isa = PBXGroup;
			children = (
				BFF4E4BA2DA9A532007A86C7 /* Bread&Butter */,
				BFF4E4C82DA9A533007A86C7 /* Bread&ButterTests */,
				BFF4E4D22DA9A533007A86C7 /* Bread&ButterUITests */,
				BFF4E4B92DA9A532007A86C7 /* Products */,
			);
			sourceTree = "<group>";
		};
		BFF4E4B92DA9A532007A86C7 /* Products */ = {
			isa = PBXGroup;
			children = (
				BFF4E4B82DA9A532007A86C7 /* Bread&Butter.app */,
				BFF4E4C52DA9A533007A86C7 /* Bread&ButterTests.xctest */,
				BFF4E4CF2DA9A533007A86C7 /* Bread&ButterUITests.xctest */,
			);
			name = Products;
			sourceTree = "<group>";
		};
/* End PBXGroup section */

/* Begin PBXNativeTarget section */
		BFF4E4B72DA9A532007A86C7 /* Bread&Butter */ = {
			isa = PBXNativeTarget;
			buildConfigurationList = BFF4E4D92DA9A533007A86C7 /* Build configuration list for PBXNativeTarget "Bread&Butter" */;
			buildPhases = (
				BFF4E4B42DA9A532007A86C7 /* Sources */,
				BFF4E4B52DA9A532007A86C7 /* Frameworks */,
				BFF4E4B62DA9A532007A86C7 /* Resources */,
			);
			buildRules = (
			);
			dependencies = (
			);
			fileSystemSynchronizedGroups = (
				BFF4E4BA2DA9A532007A86C7 /* Bread&Butter */,
			);
			name = "Bread&Butter";
			packageProductDependencies = (
			);
			productName = "Bread&Butter";
			productReference = BFF4E4B82DA9A532007A86C7 /* Bread&Butter.app */;
			productType = "com.apple.product-type.application";
		};
		BFF4E4C42DA9A533007A86C7 /* Bread&ButterTests */ = {
			isa = PBXNativeTarget;
			buildConfigurationList = BFF4E4DC2DA9A533007A86C7 /* Build configuration list for PBXNativeTarget "Bread&ButterTests" */;
			buildPhases = (
				BFF4E4C12DA9A533007A86C7 /* Sources */,
				BFF4E4C22DA9A533007A86C7 /* Frameworks */,
				BFF4E4C32DA9A533007A86C7 /* Resources */,
			);
			buildRules = (
			);
			dependencies = (
				BFF4E4C72DA9A533007A86C7 /* PBXTargetDependency */,
			);
			fileSystemSynchronizedGroups = (
				BFF4E4C82DA9A533007A86C7 /* Bread&ButterTests */,
			);
			name = "Bread&ButterTests";
			packageProductDependencies = (
			);
			productName = "Bread&ButterTests";
			productReference = BFF4E4C52DA9A533007A86C7 /* Bread&ButterTests.xctest */;
			productType = "com.apple.product-type.bundle.unit-test";
		};
		BFF4E4CE2DA9A533007A86C7 /* Bread&ButterUITests */ = {
			isa = PBXNativeTarget;
			buildConfigurationList = BFF4E4DF2DA9A533007A86C7 /* Build configuration list for PBXNativeTarget "Bread&ButterUITests" */;
			buildPhases = (
				BFF4E4CB2DA9A533007A86C7 /* Sources */,
				BFF4E4CC2DA9A533007A86C7 /* Frameworks */,
				BFF4E4CD2DA9A533007A86C7 /* Resources */,
			);
			buildRules = (
			);
			dependencies = (
				BFF4E4D12DA9A533007A86C7 /* PBXTargetDependency */,
			);
			fileSystemSynchronizedGroups = (
				BFF4E4D22DA9A533007A86C7 /* Bread&ButterUITests */,
			);
			name = "Bread&ButterUITests";
			packageProductDependencies = (
			);
			productName = "Bread&ButterUITests";
			productReference = BFF4E4CF2DA9A533007A86C7 /* Bread&ButterUITests.xctest */;
			productType = "com.apple.product-type.bundle.ui-testing";
		};
/* End PBXNativeTarget section */

/* Begin PBXProject section */
		BFF4E4B02DA9A532007A86C7 /* Project object */ = {
			isa = PBXProject;
			attributes = {
				BuildIndependentTargetsInParallel = 1;
				LastSwiftUpdateCheck = 1630;
				LastUpgradeCheck = 1630;
				TargetAttributes = {
					BFF4E4B72DA9A532007A86C7 = {
						CreatedOnToolsVersion = 16.3;
					};
					BFF4E4C42DA9A533007A86C7 = {
						CreatedOnToolsVersion = 16.3;
						TestTargetID = BFF4E4B72DA9A532007A86C7;
					};
					BFF4E4CE2DA9A533007A86C7 = {
						CreatedOnToolsVersion = 16.3;
						TestTargetID = BFF4E4B72DA9A532007A86C7;
					};
				};
			};
			buildConfigurationList = BFF4E4B32DA9A532007A86C7 /* Build configuration list for PBXProject "Bread&Butter" */;
			developmentRegion = en;
			hasScannedForEncodings = 0;
			knownRegions = (
				en,
				Base,
			);
			mainGroup = BFF4E4AF2DA9A532007A86C7;
			minimizedProjectReferenceProxies = 1;
			preferredProjectObjectVersion = 77;
			productRefGroup = BFF4E4B92DA9A532007A86C7 /* Products */;
			projectDirPath = "";
			projectRoot = "";
			targets = (
				BFF4E4B72DA9A532007A86C7 /* Bread&Butter */,
				BFF4E4C42DA9A533007A86C7 /* Bread&ButterTests */,
				BFF4E4CE2DA9A533007A86C7 /* Bread&ButterUITests */,
			);
		};
/* End PBXProject section */

/* Begin PBXResourcesBuildPhase section */
		BFF4E4B62DA9A532007A86C7 /* Resources */ = {
			isa = PBXResourcesBuildPhase;
			buildActionMask = 2147483647;
			files = (
			);
			runOnlyForDeploymentPostprocessing = 0;
		};
		BFF4E4C32DA9A533007A86C7 /* Resources */ = {
			isa = PBXResourcesBuildPhase;
			buildActionMask = 2147483647;
			files = (
			);
			runOnlyForDeploymentPostprocessing = 0;
		};
		BFF4E4CD2DA9A533007A86C7 /* Resources */ = {
			isa = PBXResourcesBuildPhase;
			buildActionMask = 2147483647;
			files = (
			);
			runOnlyForDeploymentPostprocessing = 0;
		};
/* End PBXResourcesBuildPhase section */

/* Begin PBXSourcesBuildPhase section */
		BFF4E4B42DA9A532007A86C7 /* Sources */ = {
			isa = PBXSourcesBuildPhase;
			buildActionMask = 2147483647;
			files = (
			);
			runOnlyForDeploymentPostprocessing = 0;
		};
		BFF4E4C12DA9A533007A86C7 /* Sources */ = {
			isa = PBXSourcesBuildPhase;
			buildActionMask = 2147483647;
			files = (
			);
			runOnlyForDeploymentPostprocessing = 0;
		};
		BFF4E4CB2DA9A533007A86C7 /* Sources */ = {
			isa = PBXSourcesBuildPhase;
			buildActionMask = 2147483647;
			files = (
			);
			runOnlyForDeploymentPostprocessing = 0;
		};
/* End PBXSourcesBuildPhase section */

/* Begin PBXTargetDependency section */
		BFF4E4C72DA9A533007A86C7 /* PBXTargetDependency */ = {
			isa = PBXTargetDependency;
			target = BFF4E4B72DA9A532007A86C7 /* Bread&Butter */;
			targetProxy = BFF4E4C62DA9A533007A86C7 /* PBXContainerItemProxy */;
		};
		BFF4E4D12DA9A533007A86C7 /* PBXTargetDependency */ = {
			isa = PBXTargetDependency;
			target = BFF4E4B72DA9A532007A86C7 /* Bread&Butter */;
			targetProxy = BFF4E4D02DA9A533007A86C7 /* PBXContainerItemProxy */;
		};
/* End PBXTargetDependency section */

/* Begin XCBuildConfiguration section */
		BFF4E4D72DA9A533007A86C7 /* Debug */ = {
			isa = XCBuildConfiguration;
			buildSettings = {
				ALWAYS_SEARCH_USER_PATHS = NO;
				ASSETCATALOG_COMPILER_GENERATE_SWIFT_ASSET_SYMBOL_EXTENSIONS = YES;
				CLANG_ANALYZER_NONNULL = YES;
				CLANG_ANALYZER_NUMBER_OBJECT_CONVERSION = YES_AGGRESSIVE;
				CLANG_CXX_LANGUAGE_STANDARD = "gnu++20";
				CLANG_ENABLE_MODULES = YES;
				CLANG_ENABLE_OBJC_ARC = YES;
				CLANG_ENABLE_OBJC_WEAK = YES;
				CLANG_WARN_BLOCK_CAPTURE_AUTORELEASING = YES;
				CLANG_WARN_BOOL_CONVERSION = YES;
				CLANG_WARN_COMMA = YES;
				CLANG_WARN_CONSTANT_CONVERSION = YES;
				CLANG_WARN_DEPRECATED_OBJC_IMPLEMENTATIONS = YES;
				CLANG_WARN_DIRECT_OBJC_ISA_USAGE = YES_ERROR;
				CLANG_WARN_DOCUMENTATION_COMMENTS = YES;
				CLANG_WARN_EMPTY_BODY = YES;
				CLANG_WARN_ENUM_CONVERSION = YES;
				CLANG_WARN_INFINITE_RECURSION = YES;
				CLANG_WARN_INT_CONVERSION = YES;
				CLANG_WARN_NON_LITERAL_NULL_CONVERSION = YES;
				CLANG_WARN_OBJC_IMPLICIT_RETAIN_SELF = YES;
				CLANG_WARN_OBJC_LITERAL_CONVERSION = YES;
				CLANG_WARN_OBJC_ROOT_CLASS = YES_ERROR;
				CLANG_WARN_QUOTED_INCLUDE_IN_FRAMEWORK_HEADER = YES;
				CLANG_WARN_RANGE_LOOP_ANALYSIS = YES;
				CLANG_WARN_STRICT_PROTOTYPES = YES;
				CLANG_WARN_SUSPICIOUS_MOVE = YES;
				CLANG_WARN_UNGUARDED_AVAILABILITY = YES_AGGRESSIVE;
				CLANG_WARN_UNREACHABLE_CODE = YES;
				CLANG_WARN__DUPLICATE_METHOD_MATCH = YES;
				COPY_PHASE_STRIP = NO;
				DEBUG_INFORMATION_FORMAT = dwarf;
				DEVELOPMENT_TEAM = LAP54KU2SV;
				ENABLE_STRICT_OBJC_MSGSEND = YES;
				ENABLE_TESTABILITY = YES;
				ENABLE_USER_SCRIPT_SANDBOXING = YES;
				GCC_C_LANGUAGE_STANDARD = gnu17;
				GCC_DYNAMIC_NO_PIC = NO;
				GCC_NO_COMMON_BLOCKS = YES;
				GCC_OPTIMIZATION_LEVEL = 0;
				GCC_PREPROCESSOR_DEFINITIONS = (
					"DEBUG=1",
					"$(inherited)",
				);
				GCC_WARN_64_TO_32_BIT_CONVERSION = YES;
				GCC_WARN_ABOUT_RETURN_TYPE = YES_ERROR;
				GCC_WARN_UNDECLARED_SELECTOR = YES;
				GCC_WARN_UNINITIALIZED_AUTOS = YES_AGGRESSIVE;
				GCC_WARN_UNUSED_FUNCTION = YES;
				GCC_WARN_UNUSED_VARIABLE = YES;
				IPHONEOS_DEPLOYMENT_TARGET = 18.4;
				LOCALIZATION_PREFERS_STRING_CATALOGS = YES;
				MTL_ENABLE_DEBUG_INFO = INCLUDE_SOURCE;
				MTL_FAST_MATH = YES;
				ONLY_ACTIVE_ARCH = YES;
				SDKROOT = iphoneos;
				SWIFT_ACTIVE_COMPILATION_CONDITIONS = "DEBUG $(inherited)";
				SWIFT_OPTIMIZATION_LEVEL = "-Onone";
			};
			name = Debug;
		};
		BFF4E4D82DA9A533007A86C7 /* Release */ = {
			isa = XCBuildConfiguration;
			buildSettings = {
				ALWAYS_SEARCH_USER_PATHS = NO;
				ASSETCATALOG_COMPILER_GENERATE_SWIFT_ASSET_SYMBOL_EXTENSIONS = YES;
				CLANG_ANALYZER_NONNULL = YES;
				CLANG_ANALYZER_NUMBER_OBJECT_CONVERSION = YES_AGGRESSIVE;
				CLANG_CXX_LANGUAGE_STANDARD = "gnu++20";
				CLANG_ENABLE_MODULES = YES;
				CLANG_ENABLE_OBJC_ARC = YES;
				CLANG_ENABLE_OBJC_WEAK = YES;
				CLANG_WARN_BLOCK_CAPTURE_AUTORELEASING = YES;
				CLANG_WARN_BOOL_CONVERSION = YES;
				CLANG_WARN_COMMA = YES;
				CLANG_WARN_CONSTANT_CONVERSION = YES;
				CLANG_WARN_DEPRECATED_OBJC_IMPLEMENTATIONS = YES;
				CLANG_WARN_DIRECT_OBJC_ISA_USAGE = YES_ERROR;
				CLANG_WARN_DOCUMENTATION_COMMENTS = YES;
				CLANG_WARN_EMPTY_BODY = YES;
				CLANG_WARN_ENUM_CONVERSION = YES;
				CLANG_WARN_INFINITE_RECURSION = YES;
				CLANG_WARN_INT_CONVERSION = YES;
				CLANG_WARN_NON_LITERAL_NULL_CONVERSION = YES;
				CLANG_WARN_OBJC_IMPLICIT_RETAIN_SELF = YES;
				CLANG_WARN_OBJC_LITERAL_CONVERSION = YES;
				CLANG_WARN_OBJC_ROOT_CLASS = YES_ERROR;
				CLANG_WARN_QUOTED_INCLUDE_IN_FRAMEWORK_HEADER = YES;
				CLANG_WARN_RANGE_LOOP_ANALYSIS = YES;
				CLANG_WARN_STRICT_PROTOTYPES = YES;
				CLANG_WARN_SUSPICIOUS_MOVE = YES;
				CLANG_WARN_UNGUARDED_AVAILABILITY = YES_AGGRESSIVE;
				CLANG_WARN_UNREACHABLE_CODE = YES;
				CLANG_WARN__DUPLICATE_METHOD_MATCH = YES;
				COPY_PHASE_STRIP = NO;
				DEBUG_INFORMATION_FORMAT = "dwarf-with-dsym";
				DEVELOPMENT_TEAM = LAP54KU2SV;
				ENABLE_NS_ASSERTIONS = NO;
				ENABLE_STRICT_OBJC_MSGSEND = YES;
				ENABLE_USER_SCRIPT_SANDBOXING = YES;
				GCC_C_LANGUAGE_STANDARD = gnu17;
				GCC_NO_COMMON_BLOCKS = YES;
				GCC_WARN_64_TO_32_BIT_CONVERSION = YES;
				GCC_WARN_ABOUT_RETURN_TYPE = YES_ERROR;
				GCC_WARN_UNDECLARED_SELECTOR = YES;
				GCC_WARN_UNINITIALIZED_AUTOS = YES_AGGRESSIVE;
				GCC_WARN_UNUSED_FUNCTION = YES;
				GCC_WARN_UNUSED_VARIABLE = YES;
				IPHONEOS_DEPLOYMENT_TARGET = 18.4;
				LOCALIZATION_PREFERS_STRING_CATALOGS = YES;
				MTL_ENABLE_DEBUG_INFO = NO;
				MTL_FAST_MATH = YES;
				SDKROOT = iphoneos;
				SWIFT_COMPILATION_MODE = wholemodule;
				VALIDATE_PRODUCT = YES;
			};
			name = Release;
		};
		BFF4E4DA2DA9A533007A86C7 /* Debug */ = {
			isa = XCBuildConfiguration;
			buildSettings = {
				ASSETCATALOG_COMPILER_APPICON_NAME = AppIcon;
				ASSETCATALOG_COMPILER_GLOBAL_ACCENT_COLOR_NAME = AccentColor;
				CODE_SIGN_STYLE = Automatic;
				CURRENT_PROJECT_VERSION = 1;
				DEVELOPMENT_TEAM = LAP54KU2SV;
				ENABLE_PREVIEWS = YES;
				GENERATE_INFOPLIST_FILE = YES;
				INFOPLIST_KEY_UIApplicationSceneManifest_Generation = YES;
				INFOPLIST_KEY_UIApplicationSupportsIndirectInputEvents = YES;
				INFOPLIST_KEY_UILaunchScreen_Generation = YES;
				INFOPLIST_KEY_UISupportedInterfaceOrientations_iPad = "UIInterfaceOrientationPortrait UIInterfaceOrientationPortraitUpsideDown UIInterfaceOrientationLandscapeLeft UIInterfaceOrientationLandscapeRight";
				INFOPLIST_KEY_UISupportedInterfaceOrientations_iPhone = "UIInterfaceOrientationPortrait UIInterfaceOrientationLandscapeLeft UIInterfaceOrientationLandscapeRight";
				LD_RUNPATH_SEARCH_PATHS = (
					"$(inherited)",
					"@executable_path/Frameworks",
				);
				MARKETING_VERSION = 1.0;
				PRODUCT_BUNDLE_IDENTIFIER = "SwiftWithHari.Bread-Butter";
				PRODUCT_NAME = "$(TARGET_NAME)";
				SWIFT_EMIT_LOC_STRINGS = YES;
				SWIFT_VERSION = 5.0;
				TARGETED_DEVICE_FAMILY = "1,2";
			};
			name = Debug;
		};
		BFF4E4DB2DA9A533007A86C7 /* Release */ = {
			isa = XCBuildConfiguration;
			buildSettings = {
				ASSETCATALOG_COMPILER_APPICON_NAME = AppIcon;
				ASSETCATALOG_COMPILER_GLOBAL_ACCENT_COLOR_NAME = AccentColor;
				CODE_SIGN_STYLE = Automatic;
				CURRENT_PROJECT_VERSION = 1;
				DEVELOPMENT_TEAM = LAP54KU2SV;
				ENABLE_PREVIEWS = YES;
				GENERATE_INFOPLIST_FILE = YES;
				INFOPLIST_KEY_UIApplicationSceneManifest_Generation = YES;
				INFOPLIST_KEY_UIApplicationSupportsIndirectInputEvents = YES;
				INFOPLIST_KEY_UILaunchScreen_Generation = YES;
				INFOPLIST_KEY_UISupportedInterfaceOrientations_iPad = "UIInterfaceOrientationPortrait UIInterfaceOrientationPortraitUpsideDown UIInterfaceOrientationLandscapeLeft UIInterfaceOrientationLandscapeRight";
				INFOPLIST_KEY_UISupportedInterfaceOrientations_iPhone = "UIInterfaceOrientationPortrait UIInterfaceOrientationLandscapeLeft UIInterfaceOrientationLandscapeRight";
				LD_RUNPATH_SEARCH_PATHS = (
					"$(inherited)",
					"@executable_path/Frameworks",
				);
				MARKETING_VERSION = 1.0;
				PRODUCT_BUNDLE_IDENTIFIER = "SwiftWithHari.Bread-Butter";
				PRODUCT_NAME = "$(TARGET_NAME)";
				SWIFT_EMIT_LOC_STRINGS = YES;
				SWIFT_VERSION = 5.0;
				TARGETED_DEVICE_FAMILY = "1,2";
			};
			name = Release;
		};
		BFF4E4DD2DA9A533007A86C7 /* Debug */ = {
			isa = XCBuildConfiguration;
			buildSettings = {
				BUNDLE_LOADER = "$(TEST_HOST)";
				CODE_SIGN_STYLE = Automatic;
				CURRENT_PROJECT_VERSION = 1;
				DEVELOPMENT_TEAM = LAP54KU2SV;
				GENERATE_INFOPLIST_FILE = YES;
				IPHONEOS_DEPLOYMENT_TARGET = 18.4;
				MARKETING_VERSION = 1.0;
				PRODUCT_BUNDLE_IDENTIFIER = "SwiftWithHari.Bread-ButterTests";
				PRODUCT_NAME = "$(TARGET_NAME)";
				SWIFT_EMIT_LOC_STRINGS = NO;
				SWIFT_VERSION = 5.0;
				TARGETED_DEVICE_FAMILY = "1,2";
				TEST_HOST = "$(BUILT_PRODUCTS_DIR)/Bread&Butter.app/$(BUNDLE_EXECUTABLE_FOLDER_PATH)/Bread&Butter";
			};
			name = Debug;
		};
		BFF4E4DE2DA9A533007A86C7 /* Release */ = {
			isa = XCBuildConfiguration;
			buildSettings = {
				BUNDLE_LOADER = "$(TEST_HOST)";
				CODE_SIGN_STYLE = Automatic;
				CURRENT_PROJECT_VERSION = 1;
				DEVELOPMENT_TEAM = LAP54KU2SV;
				GENERATE_INFOPLIST_FILE = YES;
				IPHONEOS_DEPLOYMENT_TARGET = 18.4;
				MARKETING_VERSION = 1.0;
				PRODUCT_BUNDLE_IDENTIFIER = "SwiftWithHari.Bread-ButterTests";
				PRODUCT_NAME = "$(TARGET_NAME)";
				SWIFT_EMIT_LOC_STRINGS = NO;
				SWIFT_VERSION = 5.0;
				TARGETED_DEVICE_FAMILY = "1,2";
				TEST_HOST = "$(BUILT_PRODUCTS_DIR)/Bread&Butter.app/$(BUNDLE_EXECUTABLE_FOLDER_PATH)/Bread&Butter";
			};
			name = Release;
		};
		BFF4E4E02DA9A533007A86C7 /* Debug */ = {
			isa = XCBuildConfiguration;
			buildSettings = {
				CODE_SIGN_STYLE = Automatic;
				CURRENT_PROJECT_VERSION = 1;
				DEVELOPMENT_TEAM = LAP54KU2SV;
				GENERATE_INFOPLIST_FILE = YES;
				MARKETING_VERSION = 1.0;
				PRODUCT_BUNDLE_IDENTIFIER = "SwiftWithHari.Bread-ButterUITests";
				PRODUCT_NAME = "$(TARGET_NAME)";
				SWIFT_EMIT_LOC_STRINGS = NO;
				SWIFT_VERSION = 5.0;
				TARGETED_DEVICE_FAMILY = "1,2";
				TEST_TARGET_NAME = "Bread&Butter";
			};
			name = Debug;
		};
		BFF4E4E12DA9A533007A86C7 /* Release */ = {
			isa = XCBuildConfiguration;
			buildSettings = {
				CODE_SIGN_STYLE = Automatic;
				CURRENT_PROJECT_VERSION = 1;
				DEVELOPMENT_TEAM = LAP54KU2SV;
				GENERATE_INFOPLIST_FILE = YES;
				MARKETING_VERSION = 1.0;
				PRODUCT_BUNDLE_IDENTIFIER = "SwiftWithHari.Bread-ButterUITests";
				PRODUCT_NAME = "$(TARGET_NAME)";
				SWIFT_EMIT_LOC_STRINGS = NO;
				SWIFT_VERSION = 5.0;
				TARGETED_DEVICE_FAMILY = "1,2";
				TEST_TARGET_NAME = "Bread&Butter";
			};
			name = Release;
		};
/* End XCBuildConfiguration section */

/* Begin XCConfigurationList section */
		BFF4E4B32DA9A532007A86C7 /* Build configuration list for PBXProject "Bread&Butter" */ = {
			isa = XCConfigurationList;
			buildConfigurations = (
				BFF4E4D72DA9A533007A86C7 /* Debug */,
				BFF4E4D82DA9A533007A86C7 /* Release */,
			);
			defaultConfigurationIsVisible = 0;
			defaultConfigurationName = Release;
		};
		BFF4E4D92DA9A533007A86C7 /* Build configuration list for PBXNativeTarget "Bread&Butter" */ = {
			isa = XCConfigurationList;
			buildConfigurations = (
				BFF4E4DA2DA9A533007A86C7 /* Debug */,
				BFF4E4DB2DA9A533007A86C7 /* Release */,
			);
			defaultConfigurationIsVisible = 0;
			defaultConfigurationName = Release;
		};
		BFF4E4DC2DA9A533007A86C7 /* Build configuration list for PBXNativeTarget "Bread&ButterTests" */ = {
			isa = XCConfigurationList;
			buildConfigurations = (
				BFF4E4DD2DA9A533007A86C7 /* Debug */,
				BFF4E4DE2DA9A533007A86C7 /* Release */,
			);
			defaultConfigurationIsVisible = 0;
			defaultConfigurationName = Release;
		};
		BFF4E4DF2DA9A533007A86C7 /* Build configuration list for PBXNativeTarget "Bread&ButterUITests" */ = {
			isa = XCConfigurationList;
			buildConfigurations = (
				BFF4E4E02DA9A533007A86C7 /* Debug */,
				BFF4E4E12DA9A533007A86C7 /* Release */,
			);
			defaultConfigurationIsVisible = 0;
			defaultConfigurationName = Release;
		};
/* End XCConfigurationList section */
	};
	rootObject = BFF4E4B02DA9A532007A86C7 /* Project object */;
}
